
Microsoft Visual Studio Solution File, Format Version 12.00
# Visual Studio Version 17
VisualStudioVersion = 17.7.34031.279
MinimumVisualStudioVersion = 10.0.40219.1
Project("{9A19103F-16F7-4668-BE54-9A1E7A4F7556}") = "Set2FP0A", "Set2FP\Set2FP0A.csproj", "{AE354862-7282-4B2D-802C-3B9091B38B85}"
EndProject
Project("{9A19103F-16F7-4668-BE54-9A1E7A4F7556}") = "Set2FP1", "Set2FP1\Set2FP1.csproj", "{EFED1BFD-3128-4D06-86DD-9B64633C0533}"
EndProject
Project("{9A19103F-16F7-4668-BE54-9A1E7A4F7556}") = "Set2FP2", "Set2FP2\Set2FP2.csproj", "{EB2DEAC0-5EB7-4DDA-B0AB-7880EA7C22F4}"
EndProject
Project("{9A19103F-16F7-4668-BE54-9A1E7A4F7556}") = "Set2FP3", "Set2FP3\Set2FP3.csproj", "{C03AFB7E-677E-4E15-AF0E-81E384672D7C}"
EndProject
Project("{9A19103F-16F7-4668-BE54-9A1E7A4F7556}") = "Set2FP4", "Set2FP4\Set2FP4.csproj", "{B414D8B4-8443-41F3-88A0-5E19CD9F251F}"
EndProject
Project("{9A19103F-16F7-4668-BE54-9A1E7A4F7556}") = "Set2FP5", "Set2FP5\Set2FP5.csproj", "{CE2B1114-C5D1-4A84-8B66-1E9DAF48E0B7}"
EndProject
Project("{9A19103F-16F7-4668-BE54-9A1E7A4F7556}") = "Set2FP6", "Set2FP6\Set2FP6.csproj", "{7C1453A0-CEB1-456A-975F-8D458D58AA5D}"
EndProject
Project("{9A19103F-16F7-4668-BE54-9A1E7A4F7556}") = "Set2FP7", "Set2FP7\Set2FP7.csproj", "{D51811C6-2D4E-4302-B949-7D9255720FCF}"
EndProject
Project("{9A19103F-16F7-4668-BE54-9A1E7A4F7556}") = "Set2FP8", "Set2FP8\Set2FP8.csproj", "{AF890530-1CAF-4259-B0BA-2B307122BCF2}"
EndProject
Project("{9A19103F-16F7-4668-BE54-9A1E7A4F7556}") = "Set2FP9", "Set2FP9\Set2FP9.csproj", "{7C759BF3-0376-40F5-A5CC-26D442CE31C4}"
EndProject
Project("{9A19103F-16F7-4668-BE54-9A1E7A4F7556}") = "Set2FP10", "Set2FP10\Set2FP10.csproj", "{E64D0F5F-2C19-4AFD-B0EE-EDD40B4375A6}"
EndProject
Project("{9A19103F-16F7-4668-BE54-9A1E7A4F7556}") = "Set2FP0B", "Set2FP0B\Set2FP0B.csproj", "{7FAD1A74-F9A9-4F05-ACAB-7B7AAD203F6C}"
EndProject
Project("{9A19103F-16F7-4668-BE54-9A1E7A4F7556}") = "Set2FP11", "Set2FP11\Set2FP11.csproj", "{3CF094A7-4639-47E6-9404-DA2DFFB88911}"
EndProject
Project("{9A19103F-16F7-4668-BE54-9A1E7A4F7556}") = "Set2FP12", "Set2FP12\Set2FP12.csproj", "{97EA3B1E-CE0C-4E8E-A8F6-12F4978AD99B}"
EndProject
Project("{FAE04EC0-301F-11D3-BF4B-00C04F79EFBC}") = "Set2FP13", "Set2FP13\Set2FP13.csproj", "{90D977F7-4D64-4970-BB97-EEC6B575CF66}"
EndProject
Project("{FAE04EC0-301F-11D3-BF4B-00C04F79EFBC}") = "Set2FP14", "Set2FP14\Set2FP14.csproj", "{A2F672B2-36E6-4D24-B07A-5E362A05142C}"
EndProject
Project("{FAE04EC0-301F-11D3-BF4B-00C04F79EFBC}") = "Set2FP15", "Set2FP15\Set2FP15.csproj", "{C3FAA192-70C4-4FF7-BD98-592FB16506BC}"
EndProject
Global
	GlobalSection(SolutionConfigurationPlatforms) = preSolution
		Debug|Any CPU = Debug|Any CPU
		Release|Any CPU = Release|Any CPU
	EndGlobalSection
	GlobalSection(ProjectConfigurationPlatforms) = postSolution
		{AE354862-7282-4B2D-802C-3B9091B38B85}.Debug|Any CPU.ActiveCfg = Debug|Any CPU
		{AE354862-7282-4B2D-802C-3B9091B38B85}.Debug|Any CPU.Build.0 = Debug|Any CPU
		{AE354862-7282-4B2D-802C-3B9091B38B85}.Release|Any CPU.ActiveCfg = Release|Any CPU
		{AE354862-7282-4B2D-802C-3B9091B38B85}.Release|Any CPU.Build.0 = Release|Any CPU
		{EFED1BFD-3128-4D06-86DD-9B64633C0533}.Debug|Any CPU.ActiveCfg = Debug|Any CPU
		{EFED1BFD-3128-4D06-86DD-9B64633C0533}.Debug|Any CPU.Build.0 = Debug|Any CPU
		{EFED1BFD-3128-4D06-86DD-9B64633C0533}.Release|Any CPU.ActiveCfg = Release|Any CPU
		{EFED1BFD-3128-4D06-86DD-9B64633C0533}.Release|Any CPU.Build.0 = Release|Any CPU
		{EB2DEAC0-5EB7-4DDA-B0AB-7880EA7C22F4}.Debug|Any CPU.ActiveCfg = Debug|Any CPU
		{EB2DEAC0-5EB7-4DDA-B0AB-7880EA7C22F4}.Debug|Any CPU.Build.0 = Debug|Any CPU
		{EB2DEAC0-5EB7-4DDA-B0AB-7880EA7C22F4}.Release|Any CPU.ActiveCfg = Release|Any CPU
		{EB2DEAC0-5EB7-4DDA-B0AB-7880EA7C22F4}.Release|Any CPU.Build.0 = Release|Any CPU
		{C03AFB7E-677E-4E15-AF0E-81E384672D7C}.Debug|Any CPU.ActiveCfg = Debug|Any CPU
		{C03AFB7E-677E-4E15-AF0E-81E384672D7C}.Debug|Any CPU.Build.0 = Debug|Any CPU
		{C03AFB7E-677E-4E15-AF0E-81E384672D7C}.Release|Any CPU.ActiveCfg = Release|Any CPU
		{C03AFB7E-677E-4E15-AF0E-81E384672D7C}.Release|Any CPU.Build.0 = Release|Any CPU
		{B414D8B4-8443-41F3-88A0-5E19CD9F251F}.Debug|Any CPU.ActiveCfg = Debug|Any CPU
		{B414D8B4-8443-41F3-88A0-5E19CD9F251F}.Debug|Any CPU.Build.0 = Debug|Any CPU
		{B414D8B4-8443-41F3-88A0-5E19CD9F251F}.Release|Any CPU.ActiveCfg = Release|Any CPU
		{B414D8B4-8443-41F3-88A0-5E19CD9F251F}.Release|Any CPU.Build.0 = Release|Any CPU
		{CE2B1114-C5D1-4A84-8B66-1E9DAF48E0B7}.Debug|Any CPU.ActiveCfg = Debug|Any CPU
		{CE2B1114-C5D1-4A84-8B66-1E9DAF48E0B7}.Debug|Any CPU.Build.0 = Debug|Any CPU
		{CE2B1114-C5D1-4A84-8B66-1E9DAF48E0B7}.Release|Any CPU.ActiveCfg = Release|Any CPU
		{CE2B1114-C5D1-4A84-8B66-1E9DAF48E0B7}.Release|Any CPU.Build.0 = Release|Any CPU
		{7C1453A0-CEB1-456A-975F-8D458D58AA5D}.Debug|Any CPU.ActiveCfg = Debug|Any CPU
		{7C1453A0-CEB1-456A-975F-8D458D58AA5D}.Debug|Any CPU.Build.0 = Debug|Any CPU
		{7C1453A0-CEB1-456A-975F-8D458D58AA5D}.Release|Any CPU.ActiveCfg = Release|Any CPU
		{7C1453A0-CEB1-456A-975F-8D458D58AA5D}.Release|Any CPU.Build.0 = Release|Any CPU
		{D51811C6-2D4E-4302-B949-7D9255720FCF}.Debug|Any CPU.ActiveCfg = Debug|Any CPU
		{D51811C6-2D4E-4302-B949-7D9255720FCF}.Debug|Any CPU.Build.0 = Debug|Any CPU
		{D51811C6-2D4E-4302-B949-7D9255720FCF}.Release|Any CPU.ActiveCfg = Release|Any CPU
		{D51811C6-2D4E-4302-B949-7D9255720FCF}.Release|Any CPU.Build.0 = Release|Any CPU
		{AF890530-1CAF-4259-B0BA-2B307122BCF2}.Debug|Any CPU.ActiveCfg = Debug|Any CPU
		{AF890530-1CAF-4259-B0BA-2B307122BCF2}.Debug|Any CPU.Build.0 = Debug|Any CPU
		{AF890530-1CAF-4259-B0BA-2B307122BCF2}.Release|Any CPU.ActiveCfg = Release|Any CPU
		{AF890530-1CAF-4259-B0BA-2B307122BCF2}.Release|Any CPU.Build.0 = Release|Any CPU
		{7C759BF3-0376-40F5-A5CC-26D442CE31C4}.Debug|Any CPU.ActiveCfg = Debug|Any CPU
		{7C759BF3-0376-40F5-A5CC-26D442CE31C4}.Debug|Any CPU.Build.0 = Debug|Any CPU
		{7C759BF3-0376-40F5-A5CC-26D442CE31C4}.Release|Any CPU.ActiveCfg = Release|Any CPU
		{7C759BF3-0376-40F5-A5CC-26D442CE31C4}.Release|Any CPU.Build.0 = Release|Any CPU
		{E64D0F5F-2C19-4AFD-B0EE-EDD40B4375A6}.Debug|Any CPU.ActiveCfg = Debug|Any CPU
		{E64D0F5F-2C19-4AFD-B0EE-EDD40B4375A6}.Debug|Any CPU.Build.0 = Debug|Any CPU
		{E64D0F5F-2C19-4AFD-B0EE-EDD40B4375A6}.Release|Any CPU.ActiveCfg = Release|Any CPU
		{E64D0F5F-2C19-4AFD-B0EE-EDD40B4375A6}.Release|Any CPU.Build.0 = Release|Any CPU
		{7FAD1A74-F9A9-4F05-ACAB-7B7AAD203F6C}.Debug|Any CPU.ActiveCfg = Debug|Any CPU
		{7FAD1A74-F9A9-4F05-ACAB-7B7AAD203F6C}.Debug|Any CPU.Build.0 = Debug|Any CPU
		{7FAD1A74-F9A9-4F05-ACAB-7B7AAD203F6C}.Release|Any CPU.ActiveCfg = Release|Any CPU
		{7FAD1A74-F9A9-4F05-ACAB-7B7AAD203F6C}.Release|Any CPU.Build.0 = Release|Any CPU
		{3CF094A7-4639-47E6-9404-DA2DFFB88911}.Debug|Any CPU.ActiveCfg = Debug|Any CPU
		{3CF094A7-4639-47E6-9404-DA2DFFB88911}.Debug|Any CPU.Build.0 = Debug|Any CPU
		{3CF094A7-4639-47E6-9404-DA2DFFB88911}.Release|Any CPU.ActiveCfg = Release|Any CPU
		{3CF094A7-4639-47E6-9404-DA2DFFB88911}.Release|Any CPU.Build.0 = Release|Any CPU
		{97EA3B1E-CE0C-4E8E-A8F6-12F4978AD99B}.Debug|Any CPU.ActiveCfg = Debug|Any CPU
		{97EA3B1E-CE0C-4E8E-A8F6-12F4978AD99B}.Debug|Any CPU.Build.0 = Debug|Any CPU
		{97EA3B1E-CE0C-4E8E-A8F6-12F4978AD99B}.Release|Any CPU.ActiveCfg = Release|Any CPU
		{97EA3B1E-CE0C-4E8E-A8F6-12F4978AD99B}.Release|Any CPU.Build.0 = Release|Any CPU
		{90D977F7-4D64-4970-BB97-EEC6B575CF66}.Debug|Any CPU.ActiveCfg = Debug|Any CPU
		{90D977F7-4D64-4970-BB97-EEC6B575CF66}.Debug|Any CPU.Build.0 = Debug|Any CPU
		{90D977F7-4D64-4970-BB97-EEC6B575CF66}.Release|Any CPU.ActiveCfg = Release|Any CPU
		{90D977F7-4D64-4970-BB97-EEC6B575CF66}.Release|Any CPU.Build.0 = Release|Any CPU
		{A2F672B2-36E6-4D24-B07A-5E362A05142C}.Debug|Any CPU.ActiveCfg = Debug|Any CPU
		{A2F672B2-36E6-4D24-B07A-5E362A05142C}.Debug|Any CPU.Build.0 = Debug|Any CPU
		{A2F672B2-36E6-4D24-B07A-5E362A05142C}.Release|Any CPU.ActiveCfg = Release|Any CPU
		{A2F672B2-36E6-4D24-B07A-5E362A05142C}.Release|Any CPU.Build.0 = Release|Any CPU
		{C3FAA192-70C4-4FF7-BD98-592FB16506BC}.Debug|Any CPU.ActiveCfg = Debug|Any CPU
		{C3FAA192-70C4-4FF7-BD98-592FB16506BC}.Debug|Any CPU.Build.0 = Debug|Any CPU
		{C3FAA192-70C4-4FF7-BD98-592FB16506BC}.Release|Any CPU.ActiveCfg = Release|Any CPU
		{C3FAA192-70C4-4FF7-BD98-592FB16506BC}.Release|Any CPU.Build.0 = Release|Any CPU
	EndGlobalSection
	GlobalSection(SolutionProperties) = preSolution
		HideSolutionNode = FALSE
	EndGlobalSection
	GlobalSection(ExtensibilityGlobals) = postSolution
		SolutionGuid = {6B275AB6-1981-40F7-99BB-CD218C7DEAEF}
	EndGlobalSection
EndGlobal
